
Microsoft Visual Studio Solution File, Format Version 12.00
# Visual Studio Version 16
VisualStudioVersion = 16.0.30717.126
MinimumVisualStudioVersion = 10.0.40219.1
Project("{FAE04EC0-301F-11D3-BF4B-00C04F79EFBC}") = "LaunchpadLib", "LaunchpadLib\LaunchpadLib.csproj", "{C838FB63-1547-4B85-9161-D324A0FA086E}"
EndProject
Global
	GlobalSection(SolutionConfigurationPlatforms) = preSolution
		Debug|Any CPU = Debug|Any CPU
		Release|Any CPU = Release|Any CPU
	EndGlobalSection
	GlobalSection(ProjectConfigurationPlatforms) = postSolution
		{C838FB63-1547-4B85-9161-D324A0FA086E}.Debug|Any CPU.ActiveCfg = Debug|Any CPU
		{C838FB63-1547-4B85-9161-D324A0FA086E}.Debug|Any CPU.Build.0 = Debug|Any CPU
		{C838FB63-1547-4B85-9161-D324A0FA086E}.Release|Any CPU.ActiveCfg = Release|Any CPU
		{C838FB63-1547-4B85-9161-D324A0FA086E}.Release|Any CPU.Build.0 = Release|Any CPU
	EndGlobalSection
	GlobalSection(SolutionProperties) = preSolution
		HideSolutionNode = FALSE
	EndGlobalSection
	GlobalSection(ExtensibilityGlobals) = postSolution
		SolutionGuid = {C13209FB-F1CB-456D-97A5-A1EA683F4C17}
	EndGlobalSection
EndGlobal
